{
  "version": 2,
  "dependencies": {
    "net10.0": {
      "Microsoft.NET.ILLink.Tasks": {
        "type": "Direct",
        "requested": "[10.0.12, )",
        "resolved": "10.0.12",
        "contentHash": "xi+BDjFpW+Sb+MHFHaH6Y/gV9I8BluFwRXc1QyCdoZbIK26eNiBeFuMTe/FMwc33G1wdHCyDg7CVTmb8OdQrMQ=="
      },
      "NetAgents.Analyzers": {
        "type": "Direct",
        "requested": "[26.9.22.6016, )",
        "resolved": "26.9.22.6016",
        "contentHash": "o4YXRzv1UWKJ5WGzKexdCriOusB+9Al4QjVRsiPEaV6Oe27rVPQf3gZlTRGter3V1iGZYZ0OxBfz/H52DHrGWQ=="
      }
    }
  }
}