{
  "version": 2,
  "dependencies": {
    "net10.0": {
      "Microsoft.NET.ILLink.Tasks": {
        "type": "Direct",
        "requested": "[10.0.12, )",
        "resolved": "10.0.12",
        "contentHash": "xi+BDjFpW+Sb+MHFHaH6Y/gV9I8BluFwRXc1QyCdoZbIK26eNiBeFuMTe/FMwc33G1wdHCyDg7CVTmb8OdQrMQ=="
      },
      "NetAgents.Analyzers": {
        "type": "Direct",
        "requested": "[26.9.21.5138, )",
        "resolved": "26.9.21.5138",
        "contentHash": "VpYAiillXCg6VV1tQFoWabr4WnIqQpNnxX+6kJKLjm9RKzwktju1H8n8rY49/CjxkOgiCNU5XAdjg6XJCaBPZg=="
      }
    }
  }
}